
Microsoft Visual Studio Solution File, Format Version 12.00
# Visual Studio Version 17
VisualStudioVersion = 17.8.34525.116
MinimumVisualStudioVersion = 10.0.40219.1
Project("{9A19103F-16F7-4668-BE54-9A1E7A4F7556}") = "BookbindingPdfMaker", "BookbindingPdfMaker.Windows\BookbindingPdfMaker.csproj", "{A4B7495E-F4C6-43F6-BE4F-8AA5E46E2F9E}"
EndProject
Project("{54435603-DBB4-11D2-8724-00A0C9A8B90C}") = "BookbindingPdfMaker", "BookbindingPdfMaker.Installer\BookbindingPdfMaker.Installer.vdproj", "{AC579B5E-174E-4D18-90CE-4D449F760376}"
EndProject
Project("{FAE04EC0-301F-11D3-BF4B-00C04F79EFBC}") = "PageByIndex", "PageByIndex\PageByIndex.csproj", "{5672D260-D8BF-43F6-9417-23CD8E4D2913}"
EndProject
Global
	GlobalSection(SolutionConfigurationPlatforms) = preSolution
		Debug|Any CPU = Debug|Any CPU
		Release|Any CPU = Release|Any CPU
	EndGlobalSection
	GlobalSection(ProjectConfigurationPlatforms) = postSolution
		{A4B7495E-F4C6-43F6-BE4F-8AA5E46E2F9E}.Debug|Any CPU.ActiveCfg = Debug|Any CPU
		{A4B7495E-F4C6-43F6-BE4F-8AA5E46E2F9E}.Debug|Any CPU.Build.0 = Debug|Any CPU
		{A4B7495E-F4C6-43F6-BE4F-8AA5E46E2F9E}.Release|Any CPU.ActiveCfg = Release|Any CPU
		{A4B7495E-F4C6-43F6-BE4F-8AA5E46E2F9E}.Release|Any CPU.Build.0 = Release|Any CPU
		{AC579B5E-174E-4D18-90CE-4D449F760376}.Debug|Any CPU.ActiveCfg = Debug
		{AC579B5E-174E-4D18-90CE-4D449F760376}.Release|Any CPU.ActiveCfg = Release
		{5672D260-D8BF-43F6-9417-23CD8E4D2913}.Debug|Any CPU.ActiveCfg = Debug|Any CPU
		{5672D260-D8BF-43F6-9417-23CD8E4D2913}.Debug|Any CPU.Build.0 = Debug|Any CPU
		{5672D260-D8BF-43F6-9417-23CD8E4D2913}.Release|Any CPU.ActiveCfg = Release|Any CPU
		{5672D260-D8BF-43F6-9417-23CD8E4D2913}.Release|Any CPU.Build.0 = Release|Any CPU
	EndGlobalSection
	GlobalSection(SolutionProperties) = preSolution
		HideSolutionNode = FALSE
	EndGlobalSection
	GlobalSection(ExtensibilityGlobals) = postSolution
		SolutionGuid = {EFA5A85B-CA1C-47DE-A690-20E0A3042A72}
	EndGlobalSection
EndGlobal
